schema: '2.0'
stages:
  parse:
    cmd: python3 src/parse_settlements.py
    deps:
    - path: data/GRID3_Nigeria_-_State_Boundaries.geojson
      hash: md5
      md5: 273904cf499e591a646425ca372ed238
      size: 2301331
    - path: data/GRID3_Nigeria_Settlement_Extents_Version_01.02..geojson
      hash: md5
      md5: 6057f411647dc3ecb64d88c56f8f3228
      size: 3397971950
    - path: src/parse_settlements.py
      hash: md5
      md5: 4eb0dda35cd0e9e30a61100bb6610ec7
      size: 1929
    params:
      params.yaml:
        state: Jigawa
    outs:
    - path: data/parsed/Jigawa_population_locations.csv
      hash: md5
      md5: 632505fcb000b12c6ac60d7d86550e8f
      size: 15467722
  plot:
    cmd: python3 src/plot_locations.py
    deps:
    - path: data/parsed/Jigawa_population_locations.csv
      hash: md5
      md5: 632505fcb000b12c6ac60d7d86550e8f
      size: 15467722
    - path: src/plot_locations.py
      hash: md5
      md5: 41ebaf2c9b7d33488a56c7930fcb1274
      size: 1206
    params:
      params.yaml:
        state: Jigawa
    outs:
    - path: figs/Jigawa_population_locations.png
      hash: md5
      md5: fe884748501b432161e7e831cf15f3de
      size: 235759
